<?xml version="1.0" encoding="utf-8"?>
<Project ToolsVersion="4.0" xmlns="http://schemas.microsoft.com/developer/msbuild/2003">
  <ItemGroup>
    <Filter Include="Sources">
      <UniqueIdentifier>{4FC737F1-C7A5-4376-A066-2A32D752A2FF}</UniqueIdentifier>
      <Extensions>cpp;c;cc;cxx;def;odl;idl;hpj;bat;asm;asmx</Extensions>
    </Filter>
    <Filter Include="Headers">
      <UniqueIdentifier>{93995380-89BD-4b04-88EB-625FBE52EBFB}</UniqueIdentifier>
      <Extensions>h;hh;hpp;hxx;hm;inl;inc;ipp;xsd</Extensions>
    </Filter>
    <Filter Include="Resources">
      <UniqueIdentifier>{67DA6AB6-F800-4c08-8B7A-83BB121AAD01}</UniqueIdentifier>
      <Extensions>rc;ico;cur;bmp;dlg;rc2;rct;bin;rgs;gif;jpg;jpeg;jpe;resx;tiff;tif;png;wav;mfcribbon-ms</Extensions>
    </Filter>
    <Filter Include="Headers\misc">
      <UniqueIdentifier>{1ed9d785-b567-4a68-861b-b5cc2e17e918}</UniqueIdentifier>
    </Filter>
  </ItemGroup>
  <ItemGroup>
    <ClInclude Include="CholeskySolver.h">
      <Filter>Headers</Filter>
    </ClInclude>
    <ClInclude Include="EliminationGraph.h">
      <Filter>Headers</Filter>
    </ClInclude>
    <ClInclude Include="Normalization.h">
      <Filter>Headers</Filter>
    </ClInclude>
    <ClInclude Include="Permutation.h">
      <Filter>Headers</Filter>
    </ClInclude>
    <ClInclude Include="SparseMatrix.h">
      <Filter>Headers</Filter>
    </ClInclude>
    <ClInclude Include="SparseArray.h">
      <Filter>Headers</Filter>
    </ClInclude>
    <ClInclude Include="misc\CommonGraph.h">
      <Filter>Headers\misc</Filter>
    </ClInclude>
    <ClInclude Include="misc\DirectedGraph.h">
      <Filter>Headers\misc</Filter>
    </ClInclude>
    <ClInclude Include="misc\FlatMap.h">
      <Filter>Headers\misc</Filter>
    </ClInclude>
    <ClInclude Include="misc\IntList.h">
      <Filter>Headers\misc</Filter>
    </ClInclude>
    <ClInclude Include="misc\Placeholder.h">
      <Filter>Headers\misc</Filter>
    </ClInclude>
    <ClInclude Include="misc\PriorityQueue.h">
      <Filter>Headers\misc</Filter>
    </ClInclude>
    <ClInclude Include="misc\Range.h">
      <Filter>Headers\misc</Filter>
    </ClInclude>
    <ClInclude Include="misc\SegmentTree.h">
      <Filter>Headers\misc</Filter>
    </ClInclude>
  </ItemGroup>
</Project>